// !$*UTF8*$!
{
	archiveVersion = 1;
	classes = {
	};
	objectVersion = 46;
	objects = {

/* Begin PBXBuildFile section */
		5E6ADFC119445715002E29E1 /* CWStatusBarNotification.swift in Sources */ = {isa = PBXBuildFile; fileRef = 5E6ADFC019445715002E29E1 /* CWStatusBarNotification.swift */; };
		5E6ADFC31944573D002E29E1 /* MainViewController.swift in Sources */ = {isa = PBXBuildFile; fileRef = 5E6ADFC21944573D002E29E1 /* MainViewController.swift */; };
		5EB773291944565500D6E3DE /* AppDelegate.swift in Sources */ = {isa = PBXBuildFile; fileRef = 5EB773281944565500D6E3DE /* AppDelegate.swift */; };
		5EB7732E1944565500D6E3DE /* Main.storyboard in Resources */ = {isa = PBXBuildFile; fileRef = 5EB7732C1944565500D6E3DE /* Main.storyboard */; };
		5EB773301944565500D6E3DE /* Images.xcassets in Resources */ = {isa = PBXBuildFile; fileRef = 5EB7732F1944565500D6E3DE /* Images.xcassets */; };
/* End PBXBuildFile section */

/* Begin PBXFileReference section */
		5E6ADFC019445715002E29E1 /* CWStatusBarNotification.swift */ = {isa = PBXFileReference; fileEncoding = 4; lastKnownFileType = sourcecode.swift; path = CWStatusBarNotification.swift; sourceTree = "<group>"; };
		5E6ADFC21944573D002E29E1 /* MainViewController.swift */ = {isa = PBXFileReference; fileEncoding = 4; lastKnownFileType = sourcecode.swift; path = MainViewController.swift; sourceTree = "<group>"; };
		5EB773231944565500D6E3DE /* CWNotificationDemo.app */ = {isa = PBXFileReference; explicitFileType = wrapper.application; includeInIndex = 0; path = CWNotificationDemo.app; sourceTree = BUILT_PRODUCTS_DIR; };
		5EB773271944565500D6E3DE /* Info.plist */ = {isa = PBXFileReference; lastKnownFileType = text.plist.xml; path = Info.plist; sourceTree = "<group>"; };
		5EB773281944565500D6E3DE /* AppDelegate.swift */ = {isa = PBXFileReference; lastKnownFileType = sourcecode.swift; path = AppDelegate.swift; sourceTree = "<group>"; };
		5EB7732D1944565500D6E3DE /* Base */ = {isa = PBXFileReference; lastKnownFileType = file.storyboard; name = Base; path = Base.lproj/Main.storyboard; sourceTree = "<group>"; };
		5EB7732F1944565500D6E3DE /* Images.xcassets */ = {isa = PBXFileReference; lastKnownFileType = folder.assetcatalog; path = Images.xcassets; sourceTree = "<group>"; };
/* End PBXFileReference section */

/* Begin PBXFrameworksBuildPhase section */
		5EB773201944565500D6E3DE /* Frameworks */ = {
			isa = PBXFrameworksBuildPhase;
			buildActionMask = 2147483647;
			files = (
			);
			runOnlyForDeploymentPostprocessing = 0;
		};
/* End PBXFrameworksBuildPhase section */

/* Begin PBXGroup section */
		5E6ADFBF19445715002E29E1 /* CWStatusBarNotification */ = {
			isa = PBXGroup;
			children = (
				5E6ADFC019445715002E29E1 /* CWStatusBarNotification.swift */,
			);
			path = CWStatusBarNotification;
			sourceTree = "<group>";
		};
		5EB7731A1944565500D6E3DE = {
			isa = PBXGroup;
			children = (
				5E6ADFBF19445715002E29E1 /* CWStatusBarNotification */,
				5EB773251944565500D6E3DE /* CWNotificationDemo */,
				5EB773241944565500D6E3DE /* Products */,
			);
			sourceTree = "<group>";
		};
		5EB773241944565500D6E3DE /* Products */ = {
			isa = PBXGroup;
			children = (
				5EB773231944565500D6E3DE /* CWNotificationDemo.app */,
			);
			name = Products;
			sourceTree = "<group>";
		};
		5EB773251944565500D6E3DE /* CWNotificationDemo */ = {
			isa = PBXGroup;
			children = (
				5EB773281944565500D6E3DE /* AppDelegate.swift */,
				5EB7732C1944565500D6E3DE /* Main.storyboard */,
				5E6ADFC21944573D002E29E1 /* MainViewController.swift */,
				5EB7732F1944565500D6E3DE /* Images.xcassets */,
				5EB773261944565500D6E3DE /* Supporting Files */,
			);
			path = CWNotificationDemo;
			sourceTree = "<group>";
		};
		5EB773261944565500D6E3DE /* Supporting Files */ = {
			isa = PBXGroup;
			children = (
				5EB773271944565500D6E3DE /* Info.plist */,
			);
			name = "Supporting Files";
			sourceTree = "<group>";
		};
/* End PBXGroup section */

/* Begin PBXNativeTarget section */
		5EB773221944565500D6E3DE /* CWNotificationDemo */ = {
			isa = PBXNativeTarget;
			buildConfigurationList = 5EB7733F1944565500D6E3DE /* Build configuration list for PBXNativeTarget "CWNotificationDemo" */;
			buildPhases = (
				5EB7731F1944565500D6E3DE /* Sources */,
				5EB773201944565500D6E3DE /* Frameworks */,
				5EB773211944565500D6E3DE /* Resources */,
			);
			buildRules = (
			);
			dependencies = (
			);
			name = CWNotificationDemo;
			productName = CWNotificationDemo;
			productReference = 5EB773231944565500D6E3DE /* CWNotificationDemo.app */;
			productType = "com.apple.product-type.application";
		};
/* End PBXNativeTarget section */

/* Begin PBXProject section */
		5EB7731B1944565500D6E3DE /* Project object */ = {
			isa = PBXProject;
			attributes = {
				LastUpgradeCheck = 0600;
				ORGANIZATIONNAME = "Cezary Wojcik";
				TargetAttributes = {
					5EB773221944565500D6E3DE = {
						CreatedOnToolsVersion = 6.0;
					};
				};
			};
			buildConfigurationList = 5EB7731E1944565500D6E3DE /* Build configuration list for PBXProject "CWNotificationDemo" */;
			compatibilityVersion = "Xcode 3.2";
			developmentRegion = English;
			hasScannedForEncodings = 0;
			knownRegions = (
				en,
				Base,
			);
			mainGroup = 5EB7731A1944565500D6E3DE;
			productRefGroup = 5EB773241944565500D6E3DE /* Products */;
			projectDirPath = "";
			projectRoot = "";
			targets = (
				5EB773221944565500D6E3DE /* CWNotificationDemo */,
			);
		};
/* End PBXProject section */

/* Begin PBXResourcesBuildPhase section */
		5EB773211944565500D6E3DE /* Resources */ = {
			isa = PBXResourcesBuildPhase;
			buildActionMask = 2147483647;
			files = (
				5EB7732E1944565500D6E3DE /* Main.storyboard in Resources */,
				5EB773301944565500D6E3DE /* Images.xcassets in Resources */,
			);
			runOnlyForDeploymentPostprocessing = 0;
		};
/* End PBXResourcesBuildPhase section */

/* Begin PBXSourcesBuildPhase section */
		5EB7731F1944565500D6E3DE /* Sources */ = {
			isa = PBXSourcesBuildPhase;
			buildActionMask = 2147483647;
			files = (
				5E6ADFC31944573D002E29E1 /* MainViewController.swift in Sources */,
				5E6ADFC119445715002E29E1 /* CWStatusBarNotification.swift in Sources */,
				5EB773291944565500D6E3DE /* AppDelegate.swift in Sources */,
			);
			runOnlyForDeploymentPostprocessing = 0;
		};
/* End PBXSourcesBuildPhase section */

/* Begin PBXVariantGroup section */
		5EB7732C1944565500D6E3DE /* Main.storyboard */ = {
			isa = PBXVariantGroup;
			children = (
				5EB7732D1944565500D6E3DE /* Base */,
			);
			name = Main.storyboard;
			sourceTree = "<group>";
		};
/* End PBXVariantGroup section */

/* Begin XCBuildConfiguration section */
		5EB7733D1944565500D6E3DE /* Debug */ = {
			isa = XCBuildConfiguration;
			buildSettings = {
				ALWAYS_SEARCH_USER_PATHS = NO;
				CLANG_CXX_LANGUAGE_STANDARD = "gnu++0x";
				CLANG_CXX_LIBRARY = "libc++";
				CLANG_ENABLE_MODULES = YES;
				CLANG_ENABLE_OBJC_ARC = YES;
				CLANG_WARN_BOOL_CONVERSION = YES;
				CLANG_WARN_CONSTANT_CONVERSION = YES;
				CLANG_WARN_DIRECT_OBJC_ISA_USAGE = YES_ERROR;
				CLANG_WARN_EMPTY_BODY = YES;
				CLANG_WARN_ENUM_CONVERSION = YES;
				CLANG_WARN_INT_CONVERSION = YES;
				CLANG_WARN_OBJC_ROOT_CLASS = YES_ERROR;
				CLANG_WARN_UNREACHABLE_CODE = YES;
				CLANG_WARN__DUPLICATE_METHOD_MATCH = YES;
				"CODE_SIGN_IDENTITY[sdk=iphoneos*]" = "iPhone Developer";
				COPY_PHASE_STRIP = NO;
				ENABLE_STRICT_OBJC_MSGSEND = YES;
				GCC_C_LANGUAGE_STANDARD = gnu99;
				GCC_DYNAMIC_NO_PIC = NO;
				GCC_OPTIMIZATION_LEVEL = 0;
				GCC_PREPROCESSOR_DEFINITIONS = (
					"DEBUG=1",
					"$(inherited)",
				);
				GCC_SYMBOLS_PRIVATE_EXTERN = NO;
				GCC_WARN_64_TO_32_BIT_CONVERSION = YES;
				GCC_WARN_ABOUT_RETURN_TYPE = YES_ERROR;
				GCC_WARN_UNDECLARED_SELECTOR = YES;
				GCC_WARN_UNINITIALIZED_AUTOS = YES_AGGRESSIVE;
				GCC_WARN_UNUSED_FUNCTION = YES;
				GCC_WARN_UNUSED_VARIABLE = YES;
				IPHONEOS_DEPLOYMENT_TARGET = 8.0;
				METAL_ENABLE_DEBUG_INFO = YES;
				ONLY_ACTIVE_ARCH = YES;
				SDKROOT = iphoneos;
				SWIFT_OPTIMIZATION_LEVEL = "-Onone";
				TARGETED_DEVICE_FAMILY = "1,2";
			};
			name = Debug;
		};
		5EB7733E1944565500D6E3DE /* Release */ = {
			isa = XCBuildConfiguration;
			buildSettings = {
				ALWAYS_SEARCH_USER_PATHS = NO;
				CLANG_CXX_LANGUAGE_STANDARD = "gnu++0x";
				CLANG_CXX_LIBRARY = "libc++";
				CLANG_ENABLE_MODULES = YES;
				CLANG_ENABLE_OBJC_ARC = YES;
				CLANG_WARN_BOOL_CONVERSION = YES;
				CLANG_WARN_CONSTANT_CONVERSION = YES;
				CLANG_WARN_DIRECT_OBJC_ISA_USAGE = YES_ERROR;
				CLANG_WARN_EMPTY_BODY = YES;
				CLANG_WARN_ENUM_CONVERSION = YES;
				CLANG_WARN_INT_CONVERSION = YES;
				CLANG_WARN_OBJC_ROOT_CLASS = YES_ERROR;
				CLANG_WARN_UNREACHABLE_CODE = YES;
				CLANG_WARN__DUPLICATE_METHOD_MATCH = YES;
				"CODE_SIGN_IDENTITY[sdk=iphoneos*]" = "iPhone Developer";
				COPY_PHASE_STRIP = YES;
				ENABLE_NS_ASSERTIONS = NO;
				ENABLE_STRICT_OBJC_MSGSEND = YES;
				GCC_C_LANGUAGE_STANDARD = gnu99;
				GCC_WARN_64_TO_32_BIT_CONVERSION = YES;
				GCC_WARN_ABOUT_RETURN_TYPE = YES_ERROR;
				GCC_WARN_UNDECLARED_SELECTOR = YES;
				GCC_WARN_UNINITIALIZED_AUTOS = YES_AGGRESSIVE;
				GCC_WARN_UNUSED_FUNCTION = YES;
				GCC_WARN_UNUSED_VARIABLE = YES;
				IPHONEOS_DEPLOYMENT_TARGET = 8.0;
				METAL_ENABLE_DEBUG_INFO = NO;
				SDKROOT = iphoneos;
				TARGETED_DEVICE_FAMILY = "1,2";
				VALIDATE_PRODUCT = YES;
			};
			name = Release;
		};
		5EB773401944565500D6E3DE /* Debug */ = {
			isa = XCBuildConfiguration;
			buildSettings = {
				ASSETCATALOG_COMPILER_APPICON_NAME = AppIcon;
				ASSETCATALOG_COMPILER_LAUNCHIMAGE_NAME = LaunchImage;
				INFOPLIST_FILE = CWNotificationDemo/Info.plist;
				IPHONEOS_DEPLOYMENT_TARGET = 7.0;
				LD_RUNPATH_SEARCH_PATHS = "$(inherited) @executable_path/Frameworks";
				PRODUCT_NAME = "$(TARGET_NAME)";
			};
			name = Debug;
		};
		5EB773411944565500D6E3DE /* Release */ = {
			isa = XCBuildConfiguration;
			buildSettings = {
				ASSETCATALOG_COMPILER_APPICON_NAME = AppIcon;
				ASSETCATALOG_COMPILER_LAUNCHIMAGE_NAME = LaunchImage;
				INFOPLIST_FILE = CWNotificationDemo/Info.plist;
				IPHONEOS_DEPLOYMENT_TARGET = 7.0;
				LD_RUNPATH_SEARCH_PATHS = "$(inherited) @executable_path/Frameworks";
				PRODUCT_NAME = "$(TARGET_NAME)";
			};
			name = Release;
		};
/* End XCBuildConfiguration section */

/* Begin XCConfigurationList section */
		5EB7731E1944565500D6E3DE /* Build configuration list for PBXProject "CWNotificationDemo" */ = {
			isa = XCConfigurationList;
			buildConfigurations = (
				5EB7733D1944565500D6E3DE /* Debug */,
				5EB7733E1944565500D6E3DE /* Release */,
			);
			defaultConfigurationIsVisible = 0;
			defaultConfigurationName = Release;
		};
		5EB7733F1944565500D6E3DE /* Build configuration list for PBXNativeTarget "CWNotificationDemo" */ = {
			isa = XCConfigurationList;
			buildConfigurations = (
				5EB773401944565500D6E3DE /* Debug */,
				5EB773411944565500D6E3DE /* Release */,
			);
			defaultConfigurationIsVisible = 0;
			defaultConfigurationName = Release;
		};
/* End XCConfigurationList section */
	};
	rootObject = 5EB7731B1944565500D6E3DE /* Project object */;
}
